Microsoft Visual Studio Solution File, Format Version 11.00
# Visual Studio 2010
Project("{FAE04EC0-301F-11D3-BF4B-00C04F79EFBC}") = "SilverlightApplication22", "SilverlightApplication22\SilverlightApplication22.csproj", "{3333D229-2BC4-46D3-8441-A6639E5D4C64}"
EndProject
Project("{FAE04EC0-301F-11D3-BF4B-00C04F79EFBC}") = "SilverlightApplication22.Web", "SilverlightApplication22.Web\SilverlightApplication22.Web.csproj", "{C287A31B-5E82-4E97-8E79-B7506A438929}"
EndProject
Global
	GlobalSection(SolutionConfigurationPlatforms) = preSolution
		Debug|Any CPU = Debug|Any CPU
		Release|Any CPU = Release|Any CPU
	EndGlobalSection
	GlobalSection(ProjectConfigurationPlatforms) = postSolution
		{3333D229-2BC4-46D3-8441-A6639E5D4C64}.Debug|Any CPU.ActiveCfg = Debug|Any CPU
		{3333D229-2BC4-46D3-8441-A6639E5D4C64}.Debug|Any CPU.Build.0 = Debug|Any CPU
		{3333D229-2BC4-46D3-8441-A6639E5D4C64}.Release|Any CPU.ActiveCfg = Release|Any CPU
		{3333D229-2BC4-46D3-8441-A6639E5D4C64}.Release|Any CPU.Build.0 = Release|Any CPU
		{C287A31B-5E82-4E97-8E79-B7506A438929}.Debug|Any CPU.ActiveCfg = Debug|Any CPU
		{C287A31B-5E82-4E97-8E79-B7506A438929}.Debug|Any CPU.Build.0 = Debug|Any CPU
		{C287A31B-5E82-4E97-8E79-B7506A438929}.Release|Any CPU.ActiveCfg = Release|Any CPU
		{C287A31B-5E82-4E97-8E79-B7506A438929}.Release|Any CPU.Build.0 = Release|Any CPU
	EndGlobalSection
	GlobalSection(SolutionProperties) = preSolution
		HideSolutionNode = FALSE
	EndGlobalSection
EndGlobal
